
Microsoft Visual Studio Solution File, Format Version 12.00
# Visual Studio Version 17
VisualStudioVersion = 17.7.34009.444
MinimumVisualStudioVersion = 10.0.40219.1
Project("{FAE04EC0-301F-11D3-BF4B-00C04F79EFBC}") = "VillaAPi", "VillaAPi\VillaAPi.csproj", "{5581ED21-4E21-4CC3-B268-DFD729CA1095}"
EndProject
Global
	GlobalSection(SolutionConfigurationPlatforms) = preSolution
		Debug|Any CPU = Debug|Any CPU
		Release|Any CPU = Release|Any CPU
	EndGlobalSection
	GlobalSection(ProjectConfigurationPlatforms) = postSolution
		{5581ED21-4E21-4CC3-B268-DFD729CA1095}.Debug|Any CPU.ActiveCfg = Debug|Any CPU
		{5581ED21-4E21-4CC3-B268-DFD729CA1095}.Debug|Any CPU.Build.0 = Debug|Any CPU
		{5581ED21-4E21-4CC3-B268-DFD729CA1095}.Release|Any CPU.ActiveCfg = Release|Any CPU
		{5581ED21-4E21-4CC3-B268-DFD729CA1095}.Release|Any CPU.Build.0 = Release|Any CPU
	EndGlobalSection
	GlobalSection(SolutionProperties) = preSolution
		HideSolutionNode = FALSE
	EndGlobalSection
	GlobalSection(ExtensibilityGlobals) = postSolution
		SolutionGuid = {B7EFBFF0-9C89-43B9-A179-722AA8795263}
	EndGlobalSection
EndGlobal
